schema: '2.0'
stages:
  data_ingestion:
    cmd: python src/cnnClassifier/pipeline/stage_01_data_ingestion.py
    deps:
    - path: config/config.yaml
      md5: 3f6dc733e0735665409e293214355568
      size: 818
    - path: src/cnnClassifier/pipeline/stage_01_data_ingestion.py
      hash: md5
      md5: 9f0d01f018c7567f1043fd98ffdc49f7
      size: 1116
    outs:
    - path: artifacts/data_ingestion/Chicken-fecal-images
      md5: 9e1f8dd2eae3c29e9d635df89d438ae4.dir
      size: 12207807
      nfiles: 390
  prepare_base_model:
    cmd: python src/cnnClassifier/pipeline/stage_02_prepare_base_model.py
    deps:
    - path: config/config.yaml
      md5: 3f6dc733e0735665409e293214355568
      size: 818
    - path: src/cnnClassifier/pipeline/stage_02_prepare_base_model.py
      hash: md5
      md5: b212a4b9c4ad8be2df7c5ff7001bc4e2
      size: 1205
    params:
      params.yaml:
        CLASSES: 2
        IMAGE_SIZE:
        - 224
        - 224
        - 3
        INCLUDE_TOP: false
        LEARNING_RATE: 0.01
        WEIGHTS: imagenet
    outs:
    - path: artifacts/prepare_base_model
      hash: md5
      md5: fc48edf05aaa9067643bf75d3d73a7cd.dir
      size: 118059248
      nfiles: 2
  training:
    cmd: python src/cnnClassifier/pipeline/stage_03_training.py
    deps:
    - path: artifacts/data_ingestion/Chicken-fecal-images
      md5: 9e1f8dd2eae3c29e9d635df89d438ae4.dir
      size: 12207807
      nfiles: 390
    - path: artifacts/prepare_base_model
      hash: md5
      md5: fc48edf05aaa9067643bf75d3d73a7cd.dir
      size: 118059248
      nfiles: 2
    - path: config/config.yaml
      md5: 3f6dc733e0735665409e293214355568
      size: 818
    - path: src/cnnClassifier/components/prepare_callbacks.py
      hash: md5
      md5: 0e97aee562f518dde5802c33309de5c0
      size: 1017
    - path: src/cnnClassifier/pipeline/stage_03_training.py
      hash: md5
      md5: 132b7eae161c91e51e9f4bea3b480070
      size: 1474
    params:
      params.yaml:
        AUGMENTATION: true
        BATCH_SIZE: 16
        EPOCHS: 10
        IMAGE_SIZE:
        - 224
        - 224
        - 3
    outs:
    - path: artifacts/training/model.h5
      hash: md5
      md5: ae895de83d86defde762444704c91f7f
      size: 59340720
  evaluation:
    cmd: python src/cnnClassifier/pipeline/stage_04_evaluation.py
    deps:
    - path: artifacts/data_ingestion/Chicken-fecal-images
      md5: 9e1f8dd2eae3c29e9d635df89d438ae4.dir
      size: 12207807
      nfiles: 390
    - path: artifacts/training/model.h5
      hash: md5
      md5: ae895de83d86defde762444704c91f7f
      size: 59340720
    - path: config/config.yaml
      md5: 3f6dc733e0735665409e293214355568
      size: 818
    - path: src/cnnClassifier/pipeline/stage_04_evaluation.py
      hash: md5
      md5: 81ea7b70f02575bf01d5c7c4ff5ff9da
      size: 1085
    params:
      params.yaml:
        BATCH_SIZE: 16
        IMAGE_SIZE:
        - 224
        - 224
        - 3
    outs:
    - path: scores.json
      hash: md5
      md5: d40e0e4c24bf17fdac8161ead514ff7a
      size: 74
