schema: '2.0'
stages:
  data_ingestion:
    cmd: python src/cnnClassifier/pipeline/stage_01_data_ingestion.py
    deps:
    - path: config/config.yaml
      hash: md5
      md5: c143a0108bbed0ca850c02b75c3fbbe2
      size: 830
    - path: src/cnnClassifier/pipeline/stage_01_data_ingestion.py
      hash: md5
      md5: 9f0d01f018c7567f1043fd98ffdc49f7
      size: 1116
    outs:
    - path: artifacts/data_ingestion/Chicken-fecal-images
      md5: 9e1f8dd2eae3c29e9d635df89d438ae4.dir
      size: 12207807
      nfiles: 390
  prepare_base_model:
    cmd: python src/cnnClassifier/pipeline/stage_02_prepare_base_model.py
    deps:
    - path: config/config.yaml
      hash: md5
      md5: c143a0108bbed0ca850c02b75c3fbbe2
      size: 830
    - path: src/cnnClassifier/pipeline/stage_02_prepare_base_model.py
      hash: md5
      md5: b212a4b9c4ad8be2df7c5ff7001bc4e2
      size: 1205
    params:
      params.yaml:
        CLASSES: 4
        IMAGE_SIZE:
        - 224
        - 224
        - 3
        INCLUDE_TOP: false
        LEARNING_RATE: 0.01
        WEIGHTS: imagenet
    outs:
    - path: artifacts/prepare_base_model
      hash: md5
      md5: 24b40ec641c2084736db8a6ce16ea41e.dir
      size: 118265621
      nfiles: 2
  training:
    cmd: python src/cnnClassifier/pipeline/stage_03_training.py
    deps:
    - path: artifacts/data_ingestion/Chicken-fecal-images
      hash: md5
      md5: 52d6e3b9d6e1bd32f140388e88eaf825.dir
      size: 45027462
      nfiles: 1328
    - path: artifacts/prepare_base_model
      hash: md5
      md5: 24b40ec641c2084736db8a6ce16ea41e.dir
      size: 118265621
      nfiles: 2
    - path: config/config.yaml
      hash: md5
      md5: c143a0108bbed0ca850c02b75c3fbbe2
      size: 830
    - path: src/cnnClassifier/components/prepare_callbacks.py
      hash: md5
      md5: 9febe4ce7ae6f9b9a50494b5fac78c89
      size: 1012
    - path: src/cnnClassifier/pipeline/stage_03_training.py
      hash: md5
      md5: 132b7eae161c91e51e9f4bea3b480070
      size: 1474
    params:
      params.yaml:
        AUGMENTATION: true
        BATCH_SIZE: 16
        EPOCHS: 5
        IMAGE_SIZE:
        - 224
        - 224
        - 3
    outs:
    - path: artifacts/training/model.keras
      hash: md5
      md5: f28a22cc8050124159ccbb539cb4084d
      size: 59337613
  evaluation:
    cmd: python src/cnnClassifier/pipeline/stage_04_evaluation.py
    deps:
    - path: artifacts/data_ingestion/Chicken-fecal-images
      hash: md5
      md5: 52d6e3b9d6e1bd32f140388e88eaf825.dir
      size: 45027462
      nfiles: 1328
    - path: artifacts/training/model.keras
      hash: md5
      md5: f28a22cc8050124159ccbb539cb4084d
      size: 59337613
    - path: config/config.yaml
      hash: md5
      md5: c143a0108bbed0ca850c02b75c3fbbe2
      size: 830
    - path: src/cnnClassifier/pipeline/stage_04_evaluation.py
      hash: md5
      md5: 81ea7b70f02575bf01d5c7c4ff5ff9da
      size: 1085
    params:
      params.yaml:
        BATCH_SIZE: 16
        IMAGE_SIZE:
        - 224
        - 224
        - 3
    outs:
    - path: scores.json
      hash: md5
      md5: 84098e2c49241d7d212c448bc35b7dad
      size: 73
